// !$*UTF8*$!
{
	archiveVersion = 1;
	classes = {
	};
	objectVersion = 48;
	objects = {

/* Begin PBXBuildFile section */
		A10986581FE11D470045F9FF /* NativeMockServer.framework in Frameworks */ = {isa = PBXBuildFile; fileRef = A109864F1FE11D470045F9FF /* NativeMockServer.framework */; };
		A10986661FE11D5A0045F9FF /* PublicHeader.h in Headers */ = {isa = PBXBuildFile; fileRef = A1400C4C1FE0BCE60080725A /* PublicHeader.h */; settings = {ATTRIBUTES = (Public, ); }; };
		A10986681FE11D660045F9FF /* NativeMockServer.h in Headers */ = {isa = PBXBuildFile; fileRef = A1400C321FE0BB920080725A /* NativeMockServer.h */; settings = {ATTRIBUTES = (Public, ); }; };
		A10986691FE11D940045F9FF /* NativeMockServerTests.swift in Sources */ = {isa = PBXBuildFile; fileRef = A1400C3D1FE0BB920080725A /* NativeMockServerTests.swift */; };
		A11552A61FE20707008796C3 /* Foundation.framework in Frameworks */ = {isa = PBXBuildFile; fileRef = A1400C531FE0BD400080725A /* Foundation.framework */; };
		A11552A91FE2070B008796C3 /* Security.framework in Frameworks */ = {isa = PBXBuildFile; fileRef = A1400C511FE0BD380080725A /* Security.framework */; };
		A11552C11FE208E4008796C3 /* NativeMockServer.framework in Frameworks */ = {isa = PBXBuildFile; fileRef = A11552B81FE208E3008796C3 /* NativeMockServer.framework */; };
		A11552DD1FE20941008796C3 /* NativeMockServer.framework in Frameworks */ = {isa = PBXBuildFile; fileRef = A11552D41FE20941008796C3 /* NativeMockServer.framework */; };
		A11552F81FE20999008796C3 /* Foundation.framework in Frameworks */ = {isa = PBXBuildFile; fileRef = A1400C531FE0BD400080725A /* Foundation.framework */; };
		A11552F91FE2099B008796C3 /* Foundation.framework in Frameworks */ = {isa = PBXBuildFile; fileRef = A1400C531FE0BD400080725A /* Foundation.framework */; };
		A11552FA1FE2099B008796C3 /* Foundation.framework in Frameworks */ = {isa = PBXBuildFile; fileRef = A1400C531FE0BD400080725A /* Foundation.framework */; };
		A11552FB1FE2099F008796C3 /* Security.framework in Frameworks */ = {isa = PBXBuildFile; fileRef = A1400C511FE0BD380080725A /* Security.framework */; };
		A11552FC1FE209A0008796C3 /* Security.framework in Frameworks */ = {isa = PBXBuildFile; fileRef = A1400C511FE0BD380080725A /* Security.framework */; };
		A11552FD1FE209A1008796C3 /* Security.framework in Frameworks */ = {isa = PBXBuildFile; fileRef = A1400C511FE0BD380080725A /* Security.framework */; };
		A11553011FE209AA008796C3 /* NativeMockServerTests.swift in Sources */ = {isa = PBXBuildFile; fileRef = A1400C3D1FE0BB920080725A /* NativeMockServerTests.swift */; };
		A11553021FE209AC008796C3 /* NativeMockServerTests.swift in Sources */ = {isa = PBXBuildFile; fileRef = A1400C3D1FE0BB920080725A /* NativeMockServerTests.swift */; };
		A11553031FE209B1008796C3 /* PublicHeader.h in Headers */ = {isa = PBXBuildFile; fileRef = A1400C4C1FE0BCE60080725A /* PublicHeader.h */; settings = {ATTRIBUTES = (Public, ); }; };
		A11553041FE209B2008796C3 /* PublicHeader.h in Headers */ = {isa = PBXBuildFile; fileRef = A1400C4C1FE0BCE60080725A /* PublicHeader.h */; settings = {ATTRIBUTES = (Public, ); }; };
		A11553051FE209B3008796C3 /* PublicHeader.h in Headers */ = {isa = PBXBuildFile; fileRef = A1400C4C1FE0BCE60080725A /* PublicHeader.h */; settings = {ATTRIBUTES = (Public, ); }; };
		A11553091FE209C1008796C3 /* NativeMockServer.h in Headers */ = {isa = PBXBuildFile; fileRef = A1400C321FE0BB920080725A /* NativeMockServer.h */; settings = {ATTRIBUTES = (Public, ); }; };
		A115530A1FE209C2008796C3 /* NativeMockServer.h in Headers */ = {isa = PBXBuildFile; fileRef = A1400C321FE0BB920080725A /* NativeMockServer.h */; settings = {ATTRIBUTES = (Public, ); }; };
		A115530B1FE209C3008796C3 /* NativeMockServer.h in Headers */ = {isa = PBXBuildFile; fileRef = A1400C321FE0BB920080725A /* NativeMockServer.h */; settings = {ATTRIBUTES = (Public, ); }; };
		A115532B1FE24808008796C3 /* libpact_mock_server.a in Frameworks */ = {isa = PBXBuildFile; fileRef = A1400C4F1FE0BD2F0080725A /* libpact_mock_server.a */; };
		A115532C1FE24809008796C3 /* libpact_mock_server.a in Frameworks */ = {isa = PBXBuildFile; fileRef = A1400C4F1FE0BD2F0080725A /* libpact_mock_server.a */; };
		A115532D1FE2480A008796C3 /* libpact_mock_server.a in Frameworks */ = {isa = PBXBuildFile; fileRef = A1400C4F1FE0BD2F0080725A /* libpact_mock_server.a */; };
		A115532E1FE2480B008796C3 /* libpact_mock_server.a in Frameworks */ = {isa = PBXBuildFile; fileRef = A1400C4F1FE0BD2F0080725A /* libpact_mock_server.a */; };
/* End PBXBuildFile section */

/* Begin PBXContainerItemProxy section */
		A10986591FE11D470045F9FF /* PBXContainerItemProxy */ = {
			isa = PBXContainerItemProxy;
			containerPortal = A1400C261FE0BB920080725A /* Project object */;
			proxyType = 1;
			remoteGlobalIDString = A109864E1FE11D470045F9FF;
			remoteInfo = NativeMockServer_macOS;
		};
		A11552C21FE208E4008796C3 /* PBXContainerItemProxy */ = {
			isa = PBXContainerItemProxy;
			containerPortal = A1400C261FE0BB920080725A /* Project object */;
			proxyType = 1;
			remoteGlobalIDString = A11552B71FE208E3008796C3;
			remoteInfo = NativeMockServer_iOS;
		};
		A11552DE1FE20941008796C3 /* PBXContainerItemProxy */ = {
			isa = PBXContainerItemProxy;
			containerPortal = A1400C261FE0BB920080725A /* Project object */;
			proxyType = 1;
			remoteGlobalIDString = A11552D31FE20941008796C3;
			remoteInfo = NativeMockServer_tvOS;
		};
/* End PBXContainerItemProxy section */

/* Begin PBXFileReference section */
		A109864F1FE11D470045F9FF /* NativeMockServer.framework */ = {isa = PBXFileReference; explicitFileType = wrapper.framework; includeInIndex = 0; path = NativeMockServer.framework; sourceTree = BUILT_PRODUCTS_DIR; };
		A10986571FE11D470045F9FF /* NativeMockServer_macOSTests.xctest */ = {isa = PBXFileReference; explicitFileType = wrapper.cfbundle; includeInIndex = 0; path = NativeMockServer_macOSTests.xctest; sourceTree = BUILT_PRODUCTS_DIR; };
		A11552B81FE208E3008796C3 /* NativeMockServer.framework */ = {isa = PBXFileReference; explicitFileType = wrapper.framework; includeInIndex = 0; path = NativeMockServer.framework; sourceTree = BUILT_PRODUCTS_DIR; };
		A11552C01FE208E4008796C3 /* NativeMockServer_iOSTests.xctest */ = {isa = PBXFileReference; explicitFileType = wrapper.cfbundle; includeInIndex = 0; path = NativeMockServer_iOSTests.xctest; sourceTree = BUILT_PRODUCTS_DIR; };
		A11552D41FE20941008796C3 /* NativeMockServer.framework */ = {isa = PBXFileReference; explicitFileType = wrapper.framework; includeInIndex = 0; path = NativeMockServer.framework; sourceTree = BUILT_PRODUCTS_DIR; };
		A11552DC1FE20941008796C3 /* NativeMockServer_tvOSTests.xctest */ = {isa = PBXFileReference; explicitFileType = wrapper.cfbundle; includeInIndex = 0; path = NativeMockServer_tvOSTests.xctest; sourceTree = BUILT_PRODUCTS_DIR; };
		A11552F01FE2096F008796C3 /* NativeMockServer.framework */ = {isa = PBXFileReference; explicitFileType = wrapper.framework; includeInIndex = 0; path = NativeMockServer.framework; sourceTree = BUILT_PRODUCTS_DIR; };
		A1400C321FE0BB920080725A /* NativeMockServer.h */ = {isa = PBXFileReference; lastKnownFileType = sourcecode.c.h; path = NativeMockServer.h; sourceTree = "<group>"; };
		A1400C331FE0BB920080725A /* Info.plist */ = {isa = PBXFileReference; lastKnownFileType = text.plist.xml; path = Info.plist; sourceTree = "<group>"; };
		A1400C3D1FE0BB920080725A /* NativeMockServerTests.swift */ = {isa = PBXFileReference; lastKnownFileType = sourcecode.swift; path = NativeMockServerTests.swift; sourceTree = "<group>"; };
		A1400C3F1FE0BB920080725A /* Info.plist */ = {isa = PBXFileReference; lastKnownFileType = text.plist.xml; path = Info.plist; sourceTree = "<group>"; };
		A1400C4A1FE0BCDE0080725A /* exported_symbols.txt */ = {isa = PBXFileReference; fileEncoding = 4; lastKnownFileType = text; path = exported_symbols.txt; sourceTree = "<group>"; };
		A1400C4C1FE0BCE60080725A /* PublicHeader.h */ = {isa = PBXFileReference; fileEncoding = 4; lastKnownFileType = sourcecode.c.h; path = PublicHeader.h; sourceTree = "<group>"; };
		A1400C4F1FE0BD2F0080725A /* libpact_mock_server.a */ = {isa = PBXFileReference; lastKnownFileType = archive.ar; path = libpact_mock_server.a; sourceTree = "<group>"; };
		A1400C511FE0BD380080725A /* Security.framework */ = {isa = PBXFileReference; lastKnownFileType = wrapper.framework; name = Security.framework; path = System/Library/Frameworks/Security.framework; sourceTree = SDKROOT; };
		A1400C531FE0BD400080725A /* Foundation.framework */ = {isa = PBXFileReference; lastKnownFileType = wrapper.framework; name = Foundation.framework; path = System/Library/Frameworks/Foundation.framework; sourceTree = SDKROOT; };
/* End PBXFileReference section */

/* Begin PBXFrameworksBuildPhase section */
		A109864B1FE11D470045F9FF /* Frameworks */ = {
			isa = PBXFrameworksBuildPhase;
			buildActionMask = 2147483647;
			files = (
				A11552A91FE2070B008796C3 /* Security.framework in Frameworks */,
				A11552A61FE20707008796C3 /* Foundation.framework in Frameworks */,
				A115532C1FE24809008796C3 /* libpact_mock_server.a in Frameworks */,
			);
			runOnlyForDeploymentPostprocessing = 0;
		};
		A10986541FE11D470045F9FF /* Frameworks */ = {
			isa = PBXFrameworksBuildPhase;
			buildActionMask = 2147483647;
			files = (
				A10986581FE11D470045F9FF /* NativeMockServer.framework in Frameworks */,
			);
			runOnlyForDeploymentPostprocessing = 0;
		};
		A11552B41FE208E3008796C3 /* Frameworks */ = {
			isa = PBXFrameworksBuildPhase;
			buildActionMask = 2147483647;
			files = (
				A11552FB1FE2099F008796C3 /* Security.framework in Frameworks */,
				A11552F81FE20999008796C3 /* Foundation.framework in Frameworks */,
				A115532B1FE24808008796C3 /* libpact_mock_server.a in Frameworks */,
			);
			runOnlyForDeploymentPostprocessing = 0;
		};
		A11552BD1FE208E4008796C3 /* Frameworks */ = {
			isa = PBXFrameworksBuildPhase;
			buildActionMask = 2147483647;
			files = (
				A11552C11FE208E4008796C3 /* NativeMockServer.framework in Frameworks */,
			);
			runOnlyForDeploymentPostprocessing = 0;
		};
		A11552D01FE20941008796C3 /* Frameworks */ = {
			isa = PBXFrameworksBuildPhase;
			buildActionMask = 2147483647;
			files = (
				A11552FC1FE209A0008796C3 /* Security.framework in Frameworks */,
				A11552F91FE2099B008796C3 /* Foundation.framework in Frameworks */,
				A115532D1FE2480A008796C3 /* libpact_mock_server.a in Frameworks */,
			);
			runOnlyForDeploymentPostprocessing = 0;
		};
		A11552D91FE20941008796C3 /* Frameworks */ = {
			isa = PBXFrameworksBuildPhase;
			buildActionMask = 2147483647;
			files = (
				A11552DD1FE20941008796C3 /* NativeMockServer.framework in Frameworks */,
			);
			runOnlyForDeploymentPostprocessing = 0;
		};
		A11552EC1FE2096F008796C3 /* Frameworks */ = {
			isa = PBXFrameworksBuildPhase;
			buildActionMask = 2147483647;
			files = (
				A11552FD1FE209A1008796C3 /* Security.framework in Frameworks */,
				A11552FA1FE2099B008796C3 /* Foundation.framework in Frameworks */,
				A115532E1FE2480B008796C3 /* libpact_mock_server.a in Frameworks */,
			);
			runOnlyForDeploymentPostprocessing = 0;
		};
/* End PBXFrameworksBuildPhase section */

/* Begin PBXGroup section */
		A11552A21FE2069C008796C3 /* Sources */ = {
			isa = PBXGroup;
			children = (
				A1400C4F1FE0BD2F0080725A /* libpact_mock_server.a */,
				A1400C4C1FE0BCE60080725A /* PublicHeader.h */,
				A1400C4A1FE0BCDE0080725A /* exported_symbols.txt */,
				A1400C321FE0BB920080725A /* NativeMockServer.h */,
				A1400C331FE0BB920080725A /* Info.plist */,
			);
			path = Sources;
			sourceTree = "<group>";
		};
		A11552A31FE206A5008796C3 /* Tests */ = {
			isa = PBXGroup;
			children = (
				A1400C3D1FE0BB920080725A /* NativeMockServerTests.swift */,
				A1400C3F1FE0BB920080725A /* Info.plist */,
			);
			path = Tests;
			sourceTree = "<group>";
		};
		A1400C251FE0BB920080725A = {
			isa = PBXGroup;
			children = (
				A11552A31FE206A5008796C3 /* Tests */,
				A11552A21FE2069C008796C3 /* Sources */,
				A1400C301FE0BB920080725A /* Products */,
				A1400C4E1FE0BD2E0080725A /* Frameworks */,
			);
			sourceTree = "<group>";
		};
		A1400C301FE0BB920080725A /* Products */ = {
			isa = PBXGroup;
			children = (
				A109864F1FE11D470045F9FF /* NativeMockServer.framework */,
				A10986571FE11D470045F9FF /* NativeMockServer_macOSTests.xctest */,
				A11552B81FE208E3008796C3 /* NativeMockServer.framework */,
				A11552C01FE208E4008796C3 /* NativeMockServer_iOSTests.xctest */,
				A11552D41FE20941008796C3 /* NativeMockServer.framework */,
				A11552DC1FE20941008796C3 /* NativeMockServer_tvOSTests.xctest */,
				A11552F01FE2096F008796C3 /* NativeMockServer.framework */,
			);
			name = Products;
			sourceTree = "<group>";
		};
		A1400C4E1FE0BD2E0080725A /* Frameworks */ = {
			isa = PBXGroup;
			children = (
				A1400C531FE0BD400080725A /* Foundation.framework */,
				A1400C511FE0BD380080725A /* Security.framework */,
			);
			name = Frameworks;
			sourceTree = "<group>";
		};
/* End PBXGroup section */

/* Begin PBXHeadersBuildPhase section */
		A109864C1FE11D470045F9FF /* Headers */ = {
			isa = PBXHeadersBuildPhase;
			buildActionMask = 2147483647;
			files = (
				A10986681FE11D660045F9FF /* NativeMockServer.h in Headers */,
				A10986661FE11D5A0045F9FF /* PublicHeader.h in Headers */,
			);
			runOnlyForDeploymentPostprocessing = 0;
		};
		A11552B51FE208E3008796C3 /* Headers */ = {
			isa = PBXHeadersBuildPhase;
			buildActionMask = 2147483647;
			files = (
				A11553091FE209C1008796C3 /* NativeMockServer.h in Headers */,
				A11553031FE209B1008796C3 /* PublicHeader.h in Headers */,
			);
			runOnlyForDeploymentPostprocessing = 0;
		};
		A11552D11FE20941008796C3 /* Headers */ = {
			isa = PBXHeadersBuildPhase;
			buildActionMask = 2147483647;
			files = (
				A115530A1FE209C2008796C3 /* NativeMockServer.h in Headers */,
				A11553041FE209B2008796C3 /* PublicHeader.h in Headers */,
			);
			runOnlyForDeploymentPostprocessing = 0;
		};
		A11552ED1FE2096F008796C3 /* Headers */ = {
			isa = PBXHeadersBuildPhase;
			buildActionMask = 2147483647;
			files = (
				A115530B1FE209C3008796C3 /* NativeMockServer.h in Headers */,
				A11553051FE209B3008796C3 /* PublicHeader.h in Headers */,
			);
			runOnlyForDeploymentPostprocessing = 0;
		};
/* End PBXHeadersBuildPhase section */

/* Begin PBXNativeTarget section */
		A109864E1FE11D470045F9FF /* NativeMockServer_macOS */ = {
			isa = PBXNativeTarget;
			buildConfigurationList = A10986601FE11D470045F9FF /* Build configuration list for PBXNativeTarget "NativeMockServer_macOS" */;
			buildPhases = (
				A109864A1FE11D470045F9FF /* Sources */,
				A109864B1FE11D470045F9FF /* Frameworks */,
				A109864C1FE11D470045F9FF /* Headers */,
				A109864D1FE11D470045F9FF /* Resources */,
			);
			buildRules = (
			);
			dependencies = (
			);
			name = NativeMockServer_macOS;
			productName = NativeMockServer_macOS;
			productReference = A109864F1FE11D470045F9FF /* NativeMockServer.framework */;
			productType = "com.apple.product-type.framework";
		};
		A10986561FE11D470045F9FF /* NativeMockServer_macOSTests */ = {
			isa = PBXNativeTarget;
			buildConfigurationList = A10986631FE11D470045F9FF /* Build configuration list for PBXNativeTarget "NativeMockServer_macOSTests" */;
			buildPhases = (
				A10986531FE11D470045F9FF /* Sources */,
				A10986541FE11D470045F9FF /* Frameworks */,
				A10986551FE11D470045F9FF /* Resources */,
			);
			buildRules = (
			);
			dependencies = (
				A109865A1FE11D470045F9FF /* PBXTargetDependency */,
			);
			name = NativeMockServer_macOSTests;
			productName = NativeMockServer_macOSTests;
			productReference = A10986571FE11D470045F9FF /* NativeMockServer_macOSTests.xctest */;
			productType = "com.apple.product-type.bundle.unit-test";
		};
		A11552B71FE208E3008796C3 /* NativeMockServer_iOS */ = {
			isa = PBXNativeTarget;
			buildConfigurationList = A11552C91FE208E4008796C3 /* Build configuration list for PBXNativeTarget "NativeMockServer_iOS" */;
			buildPhases = (
				A11552B31FE208E3008796C3 /* Sources */,
				A11552B41FE208E3008796C3 /* Frameworks */,
				A11552B51FE208E3008796C3 /* Headers */,
				A11552B61FE208E3008796C3 /* Resources */,
			);
			buildRules = (
			);
			dependencies = (
			);
			name = NativeMockServer_iOS;
			productName = NativeMockServer_iOS;
			productReference = A11552B81FE208E3008796C3 /* NativeMockServer.framework */;
			productType = "com.apple.product-type.framework";
		};
		A11552BF1FE208E4008796C3 /* NativeMockServer_iOSTests */ = {
			isa = PBXNativeTarget;
			buildConfigurationList = A11552CC1FE208E4008796C3 /* Build configuration list for PBXNativeTarget "NativeMockServer_iOSTests" */;
			buildPhases = (
				A11552BC1FE208E4008796C3 /* Sources */,
				A11552BD1FE208E4008796C3 /* Frameworks */,
				A11552BE1FE208E4008796C3 /* Resources */,
			);
			buildRules = (
			);
			dependencies = (
				A11552C31FE208E4008796C3 /* PBXTargetDependency */,
			);
			name = NativeMockServer_iOSTests;
			productName = NativeMockServer_iOSTests;
			productReference = A11552C01FE208E4008796C3 /* NativeMockServer_iOSTests.xctest */;
			productType = "com.apple.product-type.bundle.unit-test";
		};
		A11552D31FE20941008796C3 /* NativeMockServer_tvOS */ = {
			isa = PBXNativeTarget;
			buildConfigurationList = A11552E51FE20941008796C3 /* Build configuration list for PBXNativeTarget "NativeMockServer_tvOS" */;
			buildPhases = (
				A11552CF1FE20941008796C3 /* Sources */,
				A11552D01FE20941008796C3 /* Frameworks */,
				A11552D11FE20941008796C3 /* Headers */,
				A11552D21FE20941008796C3 /* Resources */,
			);
			buildRules = (
			);
			dependencies = (
			);
			name = NativeMockServer_tvOS;
			productName = NativeMockServer_tvOS;
			productReference = A11552D41FE20941008796C3 /* NativeMockServer.framework */;
			productType = "com.apple.product-type.framework";
		};
		A11552DB1FE20941008796C3 /* NativeMockServer_tvOSTests */ = {
			isa = PBXNativeTarget;
			buildConfigurationList = A11552E81FE20941008796C3 /* Build configuration list for PBXNativeTarget "NativeMockServer_tvOSTests" */;
			buildPhases = (
				A11552D81FE20941008796C3 /* Sources */,
				A11552D91FE20941008796C3 /* Frameworks */,
				A11552DA1FE20941008796C3 /* Resources */,
			);
			buildRules = (
			);
			dependencies = (
				A11552DF1FE20941008796C3 /* PBXTargetDependency */,
			);
			name = NativeMockServer_tvOSTests;
			productName = NativeMockServer_tvOSTests;
			productReference = A11552DC1FE20941008796C3 /* NativeMockServer_tvOSTests.xctest */;
			productType = "com.apple.product-type.bundle.unit-test";
		};
		A11552EF1FE2096F008796C3 /* NativeMockServer_watchOS */ = {
			isa = PBXNativeTarget;
			buildConfigurationList = A11552F51FE2096F008796C3 /* Build configuration list for PBXNativeTarget "NativeMockServer_watchOS" */;
			buildPhases = (
				A11552EB1FE2096F008796C3 /* Sources */,
				A11552EC1FE2096F008796C3 /* Frameworks */,
				A11552ED1FE2096F008796C3 /* Headers */,
				A11552EE1FE2096F008796C3 /* Resources */,
			);
			buildRules = (
			);
			dependencies = (
			);
			name = NativeMockServer_watchOS;
			productName = NativeMockServer_watchOS;
			productReference = A11552F01FE2096F008796C3 /* NativeMockServer.framework */;
			productType = "com.apple.product-type.framework";
		};
/* End PBXNativeTarget section */

/* Begin PBXProject section */
		A1400C261FE0BB920080725A /* Project object */ = {
			isa = PBXProject;
			attributes = {
				LastSwiftUpdateCheck = 0920;
				LastUpgradeCheck = 0920;
				ORGANIZATIONNAME = Dius;
				TargetAttributes = {
					A109864E1FE11D470045F9FF = {
						CreatedOnToolsVersion = 9.2;
						ProvisioningStyle = Automatic;
					};
					A10986561FE11D470045F9FF = {
						CreatedOnToolsVersion = 9.2;
						ProvisioningStyle = Automatic;
					};
					A11552B71FE208E3008796C3 = {
						CreatedOnToolsVersion = 9.2;
						ProvisioningStyle = Automatic;
					};
					A11552BF1FE208E4008796C3 = {
						CreatedOnToolsVersion = 9.2;
						ProvisioningStyle = Automatic;
					};
					A11552D31FE20941008796C3 = {
						CreatedOnToolsVersion = 9.2;
						ProvisioningStyle = Automatic;
					};
					A11552DB1FE20941008796C3 = {
						CreatedOnToolsVersion = 9.2;
						ProvisioningStyle = Automatic;
					};
					A11552EF1FE2096F008796C3 = {
						CreatedOnToolsVersion = 9.2;
						ProvisioningStyle = Automatic;
					};
				};
			};
			buildConfigurationList = A1400C291FE0BB920080725A /* Build configuration list for PBXProject "NativeMockServer" */;
			compatibilityVersion = "Xcode 8.0";
			developmentRegion = en;
			hasScannedForEncodings = 0;
			knownRegions = (
				en,
			);
			mainGroup = A1400C251FE0BB920080725A;
			productRefGroup = A1400C301FE0BB920080725A /* Products */;
			projectDirPath = "";
			projectRoot = "";
			targets = (
				A11552B71FE208E3008796C3 /* NativeMockServer_iOS */,
				A11552BF1FE208E4008796C3 /* NativeMockServer_iOSTests */,
				A109864E1FE11D470045F9FF /* NativeMockServer_macOS */,
				A10986561FE11D470045F9FF /* NativeMockServer_macOSTests */,
				A11552D31FE20941008796C3 /* NativeMockServer_tvOS */,
				A11552DB1FE20941008796C3 /* NativeMockServer_tvOSTests */,
				A11552EF1FE2096F008796C3 /* NativeMockServer_watchOS */,
			);
		};
/* End PBXProject section */

/* Begin PBXResourcesBuildPhase section */
		A109864D1FE11D470045F9FF /* Resources */ = {
			isa = PBXResourcesBuildPhase;
			buildActionMask = 2147483647;
			files = (
			);
			runOnlyForDeploymentPostprocessing = 0;
		};
		A10986551FE11D470045F9FF /* Resources */ = {
			isa = PBXResourcesBuildPhase;
			buildActionMask = 2147483647;
			files = (
			);
			runOnlyForDeploymentPostprocessing = 0;
		};
		A11552B61FE208E3008796C3 /* Resources */ = {
			isa = PBXResourcesBuildPhase;
			buildActionMask = 2147483647;
			files = (
			);
			runOnlyForDeploymentPostprocessing = 0;
		};
		A11552BE1FE208E4008796C3 /* Resources */ = {
			isa = PBXResourcesBuildPhase;
			buildActionMask = 2147483647;
			files = (
			);
			runOnlyForDeploymentPostprocessing = 0;
		};
		A11552D21FE20941008796C3 /* Resources */ = {
			isa = PBXResourcesBuildPhase;
			buildActionMask = 2147483647;
			files = (
			);
			runOnlyForDeploymentPostprocessing = 0;
		};
		A11552DA1FE20941008796C3 /* Resources */ = {
			isa = PBXResourcesBuildPhase;
			buildActionMask = 2147483647;
			files = (
			);
			runOnlyForDeploymentPostprocessing = 0;
		};
		A11552EE1FE2096F008796C3 /* Resources */ = {
			isa = PBXResourcesBuildPhase;
			buildActionMask = 2147483647;
			files = (
			);
			runOnlyForDeploymentPostprocessing = 0;
		};
/* End PBXResourcesBuildPhase section */

/* Begin PBXSourcesBuildPhase section */
		A109864A1FE11D470045F9FF /* Sources */ = {
			isa = PBXSourcesBuildPhase;
			buildActionMask = 2147483647;
			files = (
			);
			runOnlyForDeploymentPostprocessing = 0;
		};
		A10986531FE11D470045F9FF /* Sources */ = {
			isa = PBXSourcesBuildPhase;
			buildActionMask = 2147483647;
			files = (
				A10986691FE11D940045F9FF /* NativeMockServerTests.swift in Sources */,
			);
			runOnlyForDeploymentPostprocessing = 0;
		};
		A11552B31FE208E3008796C3 /* Sources */ = {
			isa = PBXSourcesBuildPhase;
			buildActionMask = 2147483647;
			files = (
			);
			runOnlyForDeploymentPostprocessing = 0;
		};
		A11552BC1FE208E4008796C3 /* Sources */ = {
			isa = PBXSourcesBuildPhase;
			buildActionMask = 2147483647;
			files = (
				A11553011FE209AA008796C3 /* NativeMockServerTests.swift in Sources */,
			);
			runOnlyForDeploymentPostprocessing = 0;
		};
		A11552CF1FE20941008796C3 /* Sources */ = {
			isa = PBXSourcesBuildPhase;
			buildActionMask = 2147483647;
			files = (
			);
			runOnlyForDeploymentPostprocessing = 0;
		};
		A11552D81FE20941008796C3 /* Sources */ = {
			isa = PBXSourcesBuildPhase;
			buildActionMask = 2147483647;
			files = (
				A11553021FE209AC008796C3 /* NativeMockServerTests.swift in Sources */,
			);
			runOnlyForDeploymentPostprocessing = 0;
		};
		A11552EB1FE2096F008796C3 /* Sources */ = {
			isa = PBXSourcesBuildPhase;
			buildActionMask = 2147483647;
			files = (
			);
			runOnlyForDeploymentPostprocessing = 0;
		};
/* End PBXSourcesBuildPhase section */

/* Begin PBXTargetDependency section */
		A109865A1FE11D470045F9FF /* PBXTargetDependency */ = {
			isa = PBXTargetDependency;
			target = A109864E1FE11D470045F9FF /* NativeMockServer_macOS */;
			targetProxy = A10986591FE11D470045F9FF /* PBXContainerItemProxy */;
		};
		A11552C31FE208E4008796C3 /* PBXTargetDependency */ = {
			isa = PBXTargetDependency;
			target = A11552B71FE208E3008796C3 /* NativeMockServer_iOS */;
			targetProxy = A11552C21FE208E4008796C3 /* PBXContainerItemProxy */;
		};
		A11552DF1FE20941008796C3 /* PBXTargetDependency */ = {
			isa = PBXTargetDependency;
			target = A11552D31FE20941008796C3 /* NativeMockServer_tvOS */;
			targetProxy = A11552DE1FE20941008796C3 /* PBXContainerItemProxy */;
		};
/* End PBXTargetDependency section */

/* Begin XCBuildConfiguration section */
		A10986611FE11D470045F9FF /* Debug */ = {
			isa = XCBuildConfiguration;
			buildSettings = {
				CODE_SIGN_IDENTITY = "-";
				CODE_SIGN_STYLE = Automatic;
				COMBINE_HIDPI_IMAGES = YES;
				DEFINES_MODULE = YES;
				DYLIB_COMPATIBILITY_VERSION = 1;
				DYLIB_CURRENT_VERSION = 1;
				DYLIB_INSTALL_NAME_BASE = "@rpath";
				EXPORTED_SYMBOLS_FILE = "$(PROJECT_DIR)/Sources/exported_symbols.txt";
				FRAMEWORK_VERSION = A;
				INFOPLIST_FILE = Sources/Info.plist;
				INSTALL_PATH = "$(LOCAL_LIBRARY_DIR)/Frameworks";
				LD_RUNPATH_SEARCH_PATHS = "$(inherited) @executable_path/../Frameworks @loader_path/Frameworks";
				LIBRARY_SEARCH_PATHS = (
					"$(inherited)",
					"$(PROJECT_DIR)/NativeMockServer",
					"$(PROJECT_DIR)/Sources",
				);
				MACOSX_DEPLOYMENT_TARGET = 10.13;
				PRODUCT_BUNDLE_IDENTIFIER = "io.pact.NativeMockServer-macOS";
				PRODUCT_MODULE_NAME = "$(PRODUCT_NAME)";
				PRODUCT_NAME = "$(PROJECT_NAME)";
				SDKROOT = macosx;
				SKIP_INSTALL = YES;
				SWIFT_VERSION = 4.0;
			};
			name = Debug;
		};
		A10986621FE11D470045F9FF /* Release */ = {
			isa = XCBuildConfiguration;
			buildSettings = {
				CODE_SIGN_IDENTITY = "-";
				CODE_SIGN_STYLE = Automatic;
				COMBINE_HIDPI_IMAGES = YES;
				DEFINES_MODULE = YES;
				DYLIB_COMPATIBILITY_VERSION = 1;
				DYLIB_CURRENT_VERSION = 1;
				DYLIB_INSTALL_NAME_BASE = "@rpath";
				EXPORTED_SYMBOLS_FILE = "$(PROJECT_DIR)/Sources/exported_symbols.txt";
				FRAMEWORK_VERSION = A;
				INFOPLIST_FILE = Sources/Info.plist;
				INSTALL_PATH = "$(LOCAL_LIBRARY_DIR)/Frameworks";
				LD_RUNPATH_SEARCH_PATHS = "$(inherited) @executable_path/../Frameworks @loader_path/Frameworks";
				LIBRARY_SEARCH_PATHS = (
					"$(inherited)",
					"$(PROJECT_DIR)/NativeMockServer",
					"$(PROJECT_DIR)/Sources",
				);
				MACOSX_DEPLOYMENT_TARGET = 10.13;
				PRODUCT_BUNDLE_IDENTIFIER = "io.pact.NativeMockServer-macOS";
				PRODUCT_MODULE_NAME = "$(PRODUCT_NAME)";
				PRODUCT_NAME = "$(PROJECT_NAME)";
				SDKROOT = macosx;
				SKIP_INSTALL = YES;
				SWIFT_VERSION = 4.0;
			};
			name = Release;
		};
		A10986641FE11D470045F9FF /* Debug */ = {
			isa = XCBuildConfiguration;
			buildSettings = {
				CODE_SIGN_IDENTITY = "-";
				CODE_SIGN_STYLE = Automatic;
				COMBINE_HIDPI_IMAGES = YES;
				EXPORTED_SYMBOLS_FILE = "$(PROJECT_DIR)/Sources/exported_symbols.txt";
				INFOPLIST_FILE = Tests/Info.plist;
				LD_RUNPATH_SEARCH_PATHS = "$(inherited) @executable_path/../Frameworks @loader_path/../Frameworks";
				MACOSX_DEPLOYMENT_TARGET = 10.13;
				PRODUCT_BUNDLE_IDENTIFIER = "io.pact.NativeMockServer-macOSTests";
				PRODUCT_NAME = "$(TARGET_NAME)";
				SDKROOT = macosx;
				SWIFT_VERSION = 4.0;
			};
			name = Debug;
		};
		A10986651FE11D470045F9FF /* Release */ = {
			isa = XCBuildConfiguration;
			buildSettings = {
				CODE_SIGN_IDENTITY = "-";
				CODE_SIGN_STYLE = Automatic;
				COMBINE_HIDPI_IMAGES = YES;
				EXPORTED_SYMBOLS_FILE = "$(PROJECT_DIR)/Sources/exported_symbols.txt";
				INFOPLIST_FILE = Tests/Info.plist;
				LD_RUNPATH_SEARCH_PATHS = "$(inherited) @executable_path/../Frameworks @loader_path/../Frameworks";
				MACOSX_DEPLOYMENT_TARGET = 10.13;
				PRODUCT_BUNDLE_IDENTIFIER = "io.pact.NativeMockServer-macOSTests";
				PRODUCT_NAME = "$(TARGET_NAME)";
				SDKROOT = macosx;
				SWIFT_VERSION = 4.0;
			};
			name = Release;
		};
		A11552CA1FE208E4008796C3 /* Debug */ = {
			isa = XCBuildConfiguration;
			buildSettings = {
				CODE_SIGN_IDENTITY = "";
				CODE_SIGN_STYLE = Automatic;
				DEFINES_MODULE = YES;
				DYLIB_COMPATIBILITY_VERSION = 1;
				DYLIB_CURRENT_VERSION = 1;
				DYLIB_INSTALL_NAME_BASE = "@rpath";
				EXPORTED_SYMBOLS_FILE = "$(PROJECT_DIR)/Sources/exported_symbols.txt";
				INFOPLIST_FILE = Sources/Info.plist;
				INSTALL_PATH = "$(LOCAL_LIBRARY_DIR)/Frameworks";
				LD_RUNPATH_SEARCH_PATHS = "$(inherited) @executable_path/Frameworks @loader_path/Frameworks";
				LIBRARY_SEARCH_PATHS = (
					"$(inherited)",
					"$(PROJECT_DIR)/NativeMockServer",
					"$(PROJECT_DIR)/Sources",
				);
				PRODUCT_BUNDLE_IDENTIFIER = "io.pact.NativeMockServer-iOS";
				PRODUCT_MODULE_NAME = "$(PRODUCT_NAME:c99extidentifier)";
				PRODUCT_NAME = "$(PROJECT_NAME)";
				SKIP_INSTALL = YES;
				SWIFT_VERSION = 4.0;
				TARGETED_DEVICE_FAMILY = "1,2";
			};
			name = Debug;
		};
		A11552CB1FE208E4008796C3 /* Release */ = {
			isa = XCBuildConfiguration;
			buildSettings = {
				CODE_SIGN_IDENTITY = "";
				CODE_SIGN_STYLE = Automatic;
				DEFINES_MODULE = YES;
				DYLIB_COMPATIBILITY_VERSION = 1;
				DYLIB_CURRENT_VERSION = 1;
				DYLIB_INSTALL_NAME_BASE = "@rpath";
				EXPORTED_SYMBOLS_FILE = "$(PROJECT_DIR)/Sources/exported_symbols.txt";
				INFOPLIST_FILE = Sources/Info.plist;
				INSTALL_PATH = "$(LOCAL_LIBRARY_DIR)/Frameworks";
				LD_RUNPATH_SEARCH_PATHS = "$(inherited) @executable_path/Frameworks @loader_path/Frameworks";
				LIBRARY_SEARCH_PATHS = (
					"$(inherited)",
					"$(PROJECT_DIR)/NativeMockServer",
					"$(PROJECT_DIR)/Sources",
				);
				PRODUCT_BUNDLE_IDENTIFIER = "io.pact.NativeMockServer-iOS";
				PRODUCT_MODULE_NAME = "$(PRODUCT_NAME:c99extidentifier)";
				PRODUCT_NAME = "$(PROJECT_NAME)";
				SKIP_INSTALL = YES;
				SWIFT_VERSION = 4.0;
				TARGETED_DEVICE_FAMILY = "1,2";
			};
			name = Release;
		};
		A11552CD1FE208E4008796C3 /* Debug */ = {
			isa = XCBuildConfiguration;
			buildSettings = {
				CODE_SIGN_STYLE = Automatic;
				EXPORTED_SYMBOLS_FILE = "$(PROJECT_DIR)/Sources/exported_symbols.txt";
				INFOPLIST_FILE = Tests/Info.plist;
				LD_RUNPATH_SEARCH_PATHS = "$(inherited) @executable_path/Frameworks @loader_path/Frameworks";
				PRODUCT_BUNDLE_IDENTIFIER = "io.pact.NativeMockServer-iOSTests";
				PRODUCT_NAME = "$(TARGET_NAME)";
				SWIFT_VERSION = 4.0;
				TARGETED_DEVICE_FAMILY = "1,2";
			};
			name = Debug;
		};
		A11552CE1FE208E4008796C3 /* Release */ = {
			isa = XCBuildConfiguration;
			buildSettings = {
				CODE_SIGN_STYLE = Automatic;
				EXPORTED_SYMBOLS_FILE = "$(PROJECT_DIR)/Sources/exported_symbols.txt";
				INFOPLIST_FILE = Tests/Info.plist;
				LD_RUNPATH_SEARCH_PATHS = "$(inherited) @executable_path/Frameworks @loader_path/Frameworks";
				PRODUCT_BUNDLE_IDENTIFIER = "io.pact.NativeMockServer-iOSTests";
				PRODUCT_NAME = "$(TARGET_NAME)";
				SWIFT_VERSION = 4.0;
				TARGETED_DEVICE_FAMILY = "1,2";
			};
			name = Release;
		};
		A11552E61FE20941008796C3 /* Debug */ = {
			isa = XCBuildConfiguration;
			buildSettings = {
				CODE_SIGN_IDENTITY = "";
				CODE_SIGN_STYLE = Automatic;
				DEFINES_MODULE = YES;
				DYLIB_COMPATIBILITY_VERSION = 1;
				DYLIB_CURRENT_VERSION = 1;
				DYLIB_INSTALL_NAME_BASE = "@rpath";
				EXPORTED_SYMBOLS_FILE = "$(PROJECT_DIR)/Sources/exported_symbols.txt";
				INFOPLIST_FILE = Sources/Info.plist;
				INSTALL_PATH = "$(LOCAL_LIBRARY_DIR)/Frameworks";
				LD_RUNPATH_SEARCH_PATHS = "$(inherited) @executable_path/Frameworks @loader_path/Frameworks";
				LIBRARY_SEARCH_PATHS = (
					"$(inherited)",
					"$(PROJECT_DIR)/NativeMockServer",
					"$(PROJECT_DIR)/Sources",
				);
				PRODUCT_BUNDLE_IDENTIFIER = "io.pact.NativeMockServer-tvOS";
				PRODUCT_NAME = "$(PROJECT_NAME)";
				SDKROOT = appletvos;
				SKIP_INSTALL = YES;
				SWIFT_VERSION = 4.0;
				TARGETED_DEVICE_FAMILY = 3;
				TVOS_DEPLOYMENT_TARGET = 11.2;
			};
			name = Debug;
		};
		A11552E71FE20941008796C3 /* Release */ = {
			isa = XCBuildConfiguration;
			buildSettings = {
				CODE_SIGN_IDENTITY = "";
				CODE_SIGN_STYLE = Automatic;
				DEFINES_MODULE = YES;
				DYLIB_COMPATIBILITY_VERSION = 1;
				DYLIB_CURRENT_VERSION = 1;
				DYLIB_INSTALL_NAME_BASE = "@rpath";
				EXPORTED_SYMBOLS_FILE = "$(PROJECT_DIR)/Sources/exported_symbols.txt";
				INFOPLIST_FILE = Sources/Info.plist;
				INSTALL_PATH = "$(LOCAL_LIBRARY_DIR)/Frameworks";
				LD_RUNPATH_SEARCH_PATHS = "$(inherited) @executable_path/Frameworks @loader_path/Frameworks";
				LIBRARY_SEARCH_PATHS = (
					"$(inherited)",
					"$(PROJECT_DIR)/NativeMockServer",
					"$(PROJECT_DIR)/Sources",
				);
				PRODUCT_BUNDLE_IDENTIFIER = "io.pact.NativeMockServer-tvOS";
				PRODUCT_NAME = "$(PROJECT_NAME)";
				SDKROOT = appletvos;
				SKIP_INSTALL = YES;
				SWIFT_VERSION = 4.0;
				TARGETED_DEVICE_FAMILY = 3;
				TVOS_DEPLOYMENT_TARGET = 11.2;
			};
			name = Release;
		};
		A11552E91FE20941008796C3 /* Debug */ = {
			isa = XCBuildConfiguration;
			buildSettings = {
				CODE_SIGN_STYLE = Automatic;
				EXPORTED_SYMBOLS_FILE = "$(PROJECT_DIR)/Sources/exported_symbols.txt";
				INFOPLIST_FILE = Tests/Info.plist;
				LD_RUNPATH_SEARCH_PATHS = "$(inherited) @executable_path/Frameworks @loader_path/Frameworks";
				PRODUCT_BUNDLE_IDENTIFIER = "io.pact.NativeMockServer-tvOSTests";
				PRODUCT_NAME = "$(TARGET_NAME)";
				SDKROOT = appletvos;
				SWIFT_VERSION = 4.0;
				TARGETED_DEVICE_FAMILY = 3;
				TVOS_DEPLOYMENT_TARGET = 11.2;
			};
			name = Debug;
		};
		A11552EA1FE20941008796C3 /* Release */ = {
			isa = XCBuildConfiguration;
			buildSettings = {
				CODE_SIGN_STYLE = Automatic;
				EXPORTED_SYMBOLS_FILE = "$(PROJECT_DIR)/Sources/exported_symbols.txt";
				INFOPLIST_FILE = Tests/Info.plist;
				LD_RUNPATH_SEARCH_PATHS = "$(inherited) @executable_path/Frameworks @loader_path/Frameworks";
				PRODUCT_BUNDLE_IDENTIFIER = "io.pact.NativeMockServer-tvOSTests";
				PRODUCT_NAME = "$(TARGET_NAME)";
				SDKROOT = appletvos;
				SWIFT_VERSION = 4.0;
				TARGETED_DEVICE_FAMILY = 3;
				TVOS_DEPLOYMENT_TARGET = 11.2;
			};
			name = Release;
		};
		A11552F61FE2096F008796C3 /* Debug */ = {
			isa = XCBuildConfiguration;
			buildSettings = {
				APPLICATION_EXTENSION_API_ONLY = YES;
				CODE_SIGN_IDENTITY = "";
				CODE_SIGN_STYLE = Automatic;
				DEFINES_MODULE = YES;
				DYLIB_COMPATIBILITY_VERSION = 1;
				DYLIB_CURRENT_VERSION = 1;
				DYLIB_INSTALL_NAME_BASE = "@rpath";
				EXPORTED_SYMBOLS_FILE = "$(PROJECT_DIR)/Sources/exported_symbols.txt";
				INFOPLIST_FILE = Sources/Info.plist;
				INSTALL_PATH = "$(LOCAL_LIBRARY_DIR)/Frameworks";
				LD_RUNPATH_SEARCH_PATHS = "$(inherited) @executable_path/Frameworks @loader_path/Frameworks";
				LIBRARY_SEARCH_PATHS = (
					"$(inherited)",
					"$(PROJECT_DIR)/NativeMockServer",
					"$(PROJECT_DIR)/Sources",
				);
				PRODUCT_BUNDLE_IDENTIFIER = "io.pact.NativeMockServer-watchOS";
				PRODUCT_NAME = "$(PROJECT_NAME)";
				SDKROOT = watchos;
				SKIP_INSTALL = YES;
				SWIFT_VERSION = 4.0;
				TARGETED_DEVICE_FAMILY = 4;
				WATCHOS_DEPLOYMENT_TARGET = 4.2;
			};
			name = Debug;
		};
		A11552F71FE2096F008796C3 /* Release */ = {
			isa = XCBuildConfiguration;
			buildSettings = {
				APPLICATION_EXTENSION_API_ONLY = YES;
				CODE_SIGN_IDENTITY = "";
				CODE_SIGN_STYLE = Automatic;
				DEFINES_MODULE = YES;
				DYLIB_COMPATIBILITY_VERSION = 1;
				DYLIB_CURRENT_VERSION = 1;
				DYLIB_INSTALL_NAME_BASE = "@rpath";
				EXPORTED_SYMBOLS_FILE = "$(PROJECT_DIR)/Sources/exported_symbols.txt";
				INFOPLIST_FILE = Sources/Info.plist;
				INSTALL_PATH = "$(LOCAL_LIBRARY_DIR)/Frameworks";
				LD_RUNPATH_SEARCH_PATHS = "$(inherited) @executable_path/Frameworks @loader_path/Frameworks";
				LIBRARY_SEARCH_PATHS = (
					"$(inherited)",
					"$(PROJECT_DIR)/NativeMockServer",
					"$(PROJECT_DIR)/Sources",
				);
				PRODUCT_BUNDLE_IDENTIFIER = "io.pact.NativeMockServer-watchOS";
				PRODUCT_NAME = "$(PROJECT_NAME)";
				SDKROOT = watchos;
				SKIP_INSTALL = YES;
				SWIFT_VERSION = 4.0;
				TARGETED_DEVICE_FAMILY = 4;
				WATCHOS_DEPLOYMENT_TARGET = 4.2;
			};
			name = Release;
		};
		A1400C411FE0BB920080725A /* Debug */ = {
			isa = XCBuildConfiguration;
			buildSettings = {
				ALWAYS_SEARCH_USER_PATHS = NO;
				CLANG_ANALYZER_NONNULL = YES;
				CLANG_ANALYZER_NUMBER_OBJECT_CONVERSION = YES_AGGRESSIVE;
				CLANG_CXX_LANGUAGE_STANDARD = "gnu++14";
				CLANG_CXX_LIBRARY = "libc++";
				CLANG_ENABLE_MODULES = YES;
				CLANG_ENABLE_OBJC_ARC = YES;
				CLANG_WARN_BLOCK_CAPTURE_AUTORELEASING = YES;
				CLANG_WARN_BOOL_CONVERSION = YES;
				CLANG_WARN_COMMA = YES;
				CLANG_WARN_CONSTANT_CONVERSION = YES;
				CLANG_WARN_DIRECT_OBJC_ISA_USAGE = YES_ERROR;
				CLANG_WARN_DOCUMENTATION_COMMENTS = YES;
				CLANG_WARN_EMPTY_BODY = YES;
				CLANG_WARN_ENUM_CONVERSION = YES;
				CLANG_WARN_INFINITE_RECURSION = YES;
				CLANG_WARN_INT_CONVERSION = YES;
				CLANG_WARN_NON_LITERAL_NULL_CONVERSION = YES;
				CLANG_WARN_OBJC_LITERAL_CONVERSION = YES;
				CLANG_WARN_OBJC_ROOT_CLASS = YES_ERROR;
				CLANG_WARN_RANGE_LOOP_ANALYSIS = YES;
				CLANG_WARN_STRICT_PROTOTYPES = YES;
				CLANG_WARN_SUSPICIOUS_MOVE = YES;
				CLANG_WARN_UNGUARDED_AVAILABILITY = YES_AGGRESSIVE;
				CLANG_WARN_UNREACHABLE_CODE = YES;
				CLANG_WARN__DUPLICATE_METHOD_MATCH = YES;
				CODE_SIGN_IDENTITY = "iPhone Developer";
				COPY_PHASE_STRIP = NO;
				CURRENT_PROJECT_VERSION = 1;
				DEBUG_INFORMATION_FORMAT = dwarf;
				ENABLE_STRICT_OBJC_MSGSEND = YES;
				ENABLE_TESTABILITY = YES;
				EXPORTED_SYMBOLS_FILE = "$(PROJECT_DIR)/NativeMockServer/exported_symbols.txt";
				GCC_C_LANGUAGE_STANDARD = gnu11;
				GCC_DYNAMIC_NO_PIC = NO;
				GCC_NO_COMMON_BLOCKS = YES;
				GCC_OPTIMIZATION_LEVEL = 0;
				GCC_PREPROCESSOR_DEFINITIONS = (
					"DEBUG=1",
					"$(inherited)",
				);
				GCC_WARN_64_TO_32_BIT_CONVERSION = YES;
				GCC_WARN_ABOUT_RETURN_TYPE = YES_ERROR;
				GCC_WARN_UNDECLARED_SELECTOR = YES;
				GCC_WARN_UNINITIALIZED_AUTOS = YES_AGGRESSIVE;
				GCC_WARN_UNUSED_FUNCTION = YES;
				GCC_WARN_UNUSED_VARIABLE = YES;
				IPHONEOS_DEPLOYMENT_TARGET = 11.2;
				MTL_ENABLE_DEBUG_INFO = YES;
				ONLY_ACTIVE_ARCH = YES;
				SDKROOT = iphoneos;
				SWIFT_ACTIVE_COMPILATION_CONDITIONS = DEBUG;
				SWIFT_OPTIMIZATION_LEVEL = "-Onone";
				VERSIONING_SYSTEM = "apple-generic";
				VERSION_INFO_PREFIX = "";
			};
			name = Debug;
		};
		A1400C421FE0BB920080725A /* Release */ = {
			isa = XCBuildConfiguration;
			buildSettings = {
				ALWAYS_SEARCH_USER_PATHS = NO;
				CLANG_ANALYZER_NONNULL = YES;
				CLANG_ANALYZER_NUMBER_OBJECT_CONVERSION = YES_AGGRESSIVE;
				CLANG_CXX_LANGUAGE_STANDARD = "gnu++14";
				CLANG_CXX_LIBRARY = "libc++";
				CLANG_ENABLE_MODULES = YES;
				CLANG_ENABLE_OBJC_ARC = YES;
				CLANG_WARN_BLOCK_CAPTURE_AUTORELEASING = YES;
				CLANG_WARN_BOOL_CONVERSION = YES;
				CLANG_WARN_COMMA = YES;
				CLANG_WARN_CONSTANT_CONVERSION = YES;
				CLANG_WARN_DIRECT_OBJC_ISA_USAGE = YES_ERROR;
				CLANG_WARN_DOCUMENTATION_COMMENTS = YES;
				CLANG_WARN_EMPTY_BODY = YES;
				CLANG_WARN_ENUM_CONVERSION = YES;
				CLANG_WARN_INFINITE_RECURSION = YES;
				CLANG_WARN_INT_CONVERSION = YES;
				CLANG_WARN_NON_LITERAL_NULL_CONVERSION = YES;
				CLANG_WARN_OBJC_LITERAL_CONVERSION = YES;
				CLANG_WARN_OBJC_ROOT_CLASS = YES_ERROR;
				CLANG_WARN_RANGE_LOOP_ANALYSIS = YES;
				CLANG_WARN_STRICT_PROTOTYPES = YES;
				CLANG_WARN_SUSPICIOUS_MOVE = YES;
				CLANG_WARN_UNGUARDED_AVAILABILITY = YES_AGGRESSIVE;
				CLANG_WARN_UNREACHABLE_CODE = YES;
				CLANG_WARN__DUPLICATE_METHOD_MATCH = YES;
				CODE_SIGN_IDENTITY = "iPhone Developer";
				COPY_PHASE_STRIP = NO;
				CURRENT_PROJECT_VERSION = 1;
				DEBUG_INFORMATION_FORMAT = "dwarf-with-dsym";
				ENABLE_NS_ASSERTIONS = NO;
				ENABLE_STRICT_OBJC_MSGSEND = YES;
				EXPORTED_SYMBOLS_FILE = "$(PROJECT_DIR)/NativeMockServer/exported_symbols.txt";
				GCC_C_LANGUAGE_STANDARD = gnu11;
				GCC_NO_COMMON_BLOCKS = YES;
				GCC_WARN_64_TO_32_BIT_CONVERSION = YES;
				GCC_WARN_ABOUT_RETURN_TYPE = YES_ERROR;
				GCC_WARN_UNDECLARED_SELECTOR = YES;
				GCC_WARN_UNINITIALIZED_AUTOS = YES_AGGRESSIVE;
				GCC_WARN_UNUSED_FUNCTION = YES;
				GCC_WARN_UNUSED_VARIABLE = YES;
				IPHONEOS_DEPLOYMENT_TARGET = 11.2;
				MTL_ENABLE_DEBUG_INFO = NO;
				SDKROOT = iphoneos;
				SWIFT_OPTIMIZATION_LEVEL = "-Owholemodule";
				VALIDATE_PRODUCT = YES;
				VERSIONING_SYSTEM = "apple-generic";
				VERSION_INFO_PREFIX = "";
			};
			name = Release;
		};
/* End XCBuildConfiguration section */

/* Begin XCConfigurationList section */
		A10986601FE11D470045F9FF /* Build configuration list for PBXNativeTarget "NativeMockServer_macOS" */ = {
			isa = XCConfigurationList;
			buildConfigurations = (
				A10986611FE11D470045F9FF /* Debug */,
				A10986621FE11D470045F9FF /* Release */,
			);
			defaultConfigurationIsVisible = 0;
			defaultConfigurationName = Release;
		};
		A10986631FE11D470045F9FF /* Build configuration list for PBXNativeTarget "NativeMockServer_macOSTests" */ = {
			isa = XCConfigurationList;
			buildConfigurations = (
				A10986641FE11D470045F9FF /* Debug */,
				A10986651FE11D470045F9FF /* Release */,
			);
			defaultConfigurationIsVisible = 0;
			defaultConfigurationName = Release;
		};
		A11552C91FE208E4008796C3 /* Build configuration list for PBXNativeTarget "NativeMockServer_iOS" */ = {
			isa = XCConfigurationList;
			buildConfigurations = (
				A11552CA1FE208E4008796C3 /* Debug */,
				A11552CB1FE208E4008796C3 /* Release */,
			);
			defaultConfigurationIsVisible = 0;
			defaultConfigurationName = Release;
		};
		A11552CC1FE208E4008796C3 /* Build configuration list for PBXNativeTarget "NativeMockServer_iOSTests" */ = {
			isa = XCConfigurationList;
			buildConfigurations = (
				A11552CD1FE208E4008796C3 /* Debug */,
				A11552CE1FE208E4008796C3 /* Release */,
			);
			defaultConfigurationIsVisible = 0;
			defaultConfigurationName = Release;
		};
		A11552E51FE20941008796C3 /* Build configuration list for PBXNativeTarget "NativeMockServer_tvOS" */ = {
			isa = XCConfigurationList;
			buildConfigurations = (
				A11552E61FE20941008796C3 /* Debug */,
				A11552E71FE20941008796C3 /* Release */,
			);
			defaultConfigurationIsVisible = 0;
			defaultConfigurationName = Release;
		};
		A11552E81FE20941008796C3 /* Build configuration list for PBXNativeTarget "NativeMockServer_tvOSTests" */ = {
			isa = XCConfigurationList;
			buildConfigurations = (
				A11552E91FE20941008796C3 /* Debug */,
				A11552EA1FE20941008796C3 /* Release */,
			);
			defaultConfigurationIsVisible = 0;
			defaultConfigurationName = Release;
		};
		A11552F51FE2096F008796C3 /* Build configuration list for PBXNativeTarget "NativeMockServer_watchOS" */ = {
			isa = XCConfigurationList;
			buildConfigurations = (
				A11552F61FE2096F008796C3 /* Debug */,
				A11552F71FE2096F008796C3 /* Release */,
			);
			defaultConfigurationIsVisible = 0;
			defaultConfigurationName = Release;
		};
		A1400C291FE0BB920080725A /* Build configuration list for PBXProject "NativeMockServer" */ = {
			isa = XCConfigurationList;
			buildConfigurations = (
				A1400C411FE0BB920080725A /* Debug */,
				A1400C421FE0BB920080725A /* Release */,
			);
			defaultConfigurationIsVisible = 0;
			defaultConfigurationName = Release;
		};
/* End XCConfigurationList section */
	};
	rootObject = A1400C261FE0BB920080725A /* Project object */;
}
