<?xml version="1.0" encoding="UTF-8"?>
<Scheme
   LastUpgradeVersion = "0700"
   version = "1.7">
   <BuildAction
      parallelizeBuildables = "YES"
      buildImplicitDependencies = "YES">
      <BuildActionEntries>
         <BuildActionEntry
            buildForTesting = "YES"
            buildForRunning = "YES"
            buildForProfiling = "YES"
            buildForArchiving = "YES"
            buildForAnalyzing = "YES">
            <BuildableReference
               BuildableIdentifier = "primary"
               BlueprintIdentifier = "A11F1A6A1A5C890D00DAB9CE"
               BuildableName = "PactConsumerSwift.framework"
               BlueprintName = "PactConsumerSwift"
               ReferencedContainer = "container:PactConsumerSwift.xcodeproj">
            </BuildableReference>
         </BuildActionEntry>
         <BuildActionEntry
            buildForTesting = "YES"
            buildForRunning = "NO"
            buildForProfiling = "NO"
            buildForArchiving = "NO"
            buildForAnalyzing = "NO">
            <BuildableReference
               BuildableIdentifier = "primary"
               BlueprintIdentifier = "A11F1A751A5C890E00DAB9CE"
               BuildableName = "PactConsumerSwiftTests.xctest"
               BlueprintName = "PactConsumerSwiftTests"
               ReferencedContainer = "container:PactConsumerSwift.xcodeproj">
            </BuildableReference>
         </BuildActionEntry>
      </BuildActionEntries>
   </BuildAction>
   <TestAction
      buildConfiguration = "Debug"
      selectedDebuggerIdentifier = "Xcode.DebuggerFoundation.Debugger.LLDB"
      selectedLauncherIdentifier = "Xcode.DebuggerFoundation.Launcher.LLDB"
      shouldUseLaunchSchemeArgsEnv = "YES">
      <PreActions>
         <ExecutionAction
            ActionType = "Xcode.IDEStandardExecutionActionsCore.ExecutionActionType.ShellScriptAction">
            <ActionContent
               title = "Run Script"
               scriptText = "PATH=/opt/boxen/rbenv/shims:$PATH&#10;&quot;$SRCROOT&quot;/scripts/start_server.sh">
               <EnvironmentBuildable>
                  <BuildableReference
                     BuildableIdentifier = "primary"
                     BlueprintIdentifier = "A11F1A6A1A5C890D00DAB9CE"
                     BuildableName = "PactConsumerSwift.framework"
                     BlueprintName = "PactConsumerSwift"
                     ReferencedContainer = "container:PactConsumerSwift.xcodeproj">
                  </BuildableReference>
               </EnvironmentBuildable>
            </ActionContent>
         </ExecutionAction>
      </PreActions>
      <PostActions>
         <ExecutionAction
            ActionType = "Xcode.IDEStandardExecutionActionsCore.ExecutionActionType.ShellScriptAction">
            <ActionContent
               title = "Run Script"
               scriptText = "PATH=/opt/boxen/rbenv/shims:$PATH&#10;&quot;$SRCROOT&quot;/scripts/stop_server.sh">
               <EnvironmentBuildable>
                  <BuildableReference
                     BuildableIdentifier = "primary"
                     BlueprintIdentifier = "A11F1A6A1A5C890D00DAB9CE"
                     BuildableName = "PactConsumerSwift.framework"
                     BlueprintName = "PactConsumerSwift"
                     ReferencedContainer = "container:PactConsumerSwift.xcodeproj">
                  </BuildableReference>
               </EnvironmentBuildable>
            </ActionContent>
         </ExecutionAction>
      </PostActions>
      <Testables>
         <TestableReference
            skipped = "NO">
            <BuildableReference
               BuildableIdentifier = "primary"
               BlueprintIdentifier = "A11F1A751A5C890E00DAB9CE"
               BuildableName = "PactConsumerSwiftTests.xctest"
               BlueprintName = "PactConsumerSwiftTests"
               ReferencedContainer = "container:PactConsumerSwift.xcodeproj">
            </BuildableReference>
         </TestableReference>
      </Testables>
      <MacroExpansion>
         <BuildableReference
            BuildableIdentifier = "primary"
            BlueprintIdentifier = "A11F1A6A1A5C890D00DAB9CE"
            BuildableName = "PactConsumerSwift.framework"
            BlueprintName = "PactConsumerSwift"
            ReferencedContainer = "container:PactConsumerSwift.xcodeproj">
         </BuildableReference>
      </MacroExpansion>
      <AdditionalOptions>
      </AdditionalOptions>
   </TestAction>
   <LaunchAction
      buildConfiguration = "Debug"
      selectedDebuggerIdentifier = "Xcode.DebuggerFoundation.Debugger.LLDB"
      selectedLauncherIdentifier = "Xcode.DebuggerFoundation.Launcher.LLDB"
      launchStyle = "0"
      useCustomWorkingDirectory = "NO"
      ignoresPersistentStateOnLaunch = "NO"
      debugDocumentVersioning = "YES"
      debugServiceExtension = "internal"
      allowLocationSimulation = "YES">
      <MacroExpansion>
         <BuildableReference
            BuildableIdentifier = "primary"
            BlueprintIdentifier = "A11F1A6A1A5C890D00DAB9CE"
            BuildableName = "PactConsumerSwift.framework"
            BlueprintName = "PactConsumerSwift"
            ReferencedContainer = "container:PactConsumerSwift.xcodeproj">
         </BuildableReference>
      </MacroExpansion>
      <AdditionalOptions>
      </AdditionalOptions>
   </LaunchAction>
   <ProfileAction
      buildConfiguration = "Release"
      shouldUseLaunchSchemeArgsEnv = "YES"
      savedToolIdentifier = ""
      useCustomWorkingDirectory = "NO"
      debugDocumentVersioning = "YES">
      <MacroExpansion>
         <BuildableReference
            BuildableIdentifier = "primary"
            BlueprintIdentifier = "A11F1A6A1A5C890D00DAB9CE"
            BuildableName = "PactConsumerSwift.framework"
            BlueprintName = "PactConsumerSwift"
            ReferencedContainer = "container:PactConsumerSwift.xcodeproj">
         </BuildableReference>
      </MacroExpansion>
   </ProfileAction>
   <AnalyzeAction
      buildConfiguration = "Debug">
   </AnalyzeAction>
   <ArchiveAction
      buildConfiguration = "Release"
      revealArchiveInOrganizer = "YES">
   </ArchiveAction>
</Scheme>
